
Microsoft Visual Studio Solution File, Format Version 12.00
# Visual Studio Version 17
VisualStudioVersion = 17.6.33801.468
MinimumVisualStudioVersion = 10.0.40219.1
Project("{FAE04EC0-301F-11D3-BF4B-00C04F79EFBC}") = "Labb3Vidareutveckla", "Labb3Vidareutveckla\Labb3Vidareutveckla.csproj", "{C1DC0E8B-E9DB-4510-83E5-1F9ED8949C3C}"
EndProject
Global
	GlobalSection(SolutionConfigurationPlatforms) = preSolution
		Debug|Any CPU = Debug|Any CPU
		Release|Any CPU = Release|Any CPU
	EndGlobalSection
	GlobalSection(ProjectConfigurationPlatforms) = postSolution
		{C1DC0E8B-E9DB-4510-83E5-1F9ED8949C3C}.Debug|Any CPU.ActiveCfg = Debug|Any CPU
		{C1DC0E8B-E9DB-4510-83E5-1F9ED8949C3C}.Debug|Any CPU.Build.0 = Debug|Any CPU
		{C1DC0E8B-E9DB-4510-83E5-1F9ED8949C3C}.Release|Any CPU.ActiveCfg = Release|Any CPU
		{C1DC0E8B-E9DB-4510-83E5-1F9ED8949C3C}.Release|Any CPU.Build.0 = Release|Any CPU
	EndGlobalSection
	GlobalSection(SolutionProperties) = preSolution
		HideSolutionNode = FALSE
	EndGlobalSection
	GlobalSection(ExtensibilityGlobals) = postSolution
		SolutionGuid = {CECDB817-99BF-45F3-89A2-7ABFA7DA013D}
	EndGlobalSection
EndGlobal
